
Microsoft Visual Studio Solution File, Format Version 12.00
# Visual Studio Version 17
VisualStudioVersion = 17.2.32630.192
MinimumVisualStudioVersion = 10.0.40219.1
Project("{FAE04EC0-301F-11D3-BF4B-00C04F79EFBC}") = "CVRP_project", "CVRP_project\CVRP_project.csproj", "{E7194B36-0765-4C01-B0D5-0D5E25606E09}"
EndProject
Global
	GlobalSection(SolutionConfigurationPlatforms) = preSolution
		Debug|Any CPU = Debug|Any CPU
		Release|Any CPU = Release|Any CPU
	EndGlobalSection
	GlobalSection(ProjectConfigurationPlatforms) = postSolution
		{E7194B36-0765-4C01-B0D5-0D5E25606E09}.Debug|Any CPU.ActiveCfg = Debug|Any CPU
		{E7194B36-0765-4C01-B0D5-0D5E25606E09}.Debug|Any CPU.Build.0 = Debug|Any CPU
		{E7194B36-0765-4C01-B0D5-0D5E25606E09}.Release|Any CPU.ActiveCfg = Release|Any CPU
		{E7194B36-0765-4C01-B0D5-0D5E25606E09}.Release|Any CPU.Build.0 = Release|Any CPU
	EndGlobalSection
	GlobalSection(SolutionProperties) = preSolution
		HideSolutionNode = FALSE
	EndGlobalSection
	GlobalSection(ExtensibilityGlobals) = postSolution
		SolutionGuid = {8A7F7AEB-3C85-4CAB-BD8D-085E861984BB}
	EndGlobalSection
EndGlobal
